
Microsoft Visual Studio Solution File, Format Version 12.00
# Visual Studio Version 17
VisualStudioVersion = 17.5.33103.201
MinimumVisualStudioVersion = 10.0.40219.1
Project("{FAE04EC0-301F-11D3-BF4B-00C04F79EFBC}") = "WPF_Controls_Example", "WPF_Controls_Example.csproj", "{5FCCA6AD-ABEE-4A04-A3CA-E9256F0C5F33}"
EndProject
Global
	GlobalSection(SolutionConfigurationPlatforms) = preSolution
		Debug|Any CPU = Debug|Any CPU
		Release|Any CPU = Release|Any CPU
	EndGlobalSection
	GlobalSection(ProjectConfigurationPlatforms) = postSolution
		{5FCCA6AD-ABEE-4A04-A3CA-E9256F0C5F33}.Debug|Any CPU.ActiveCfg = Debug|Any CPU
		{5FCCA6AD-ABEE-4A04-A3CA-E9256F0C5F33}.Debug|Any CPU.Build.0 = Debug|Any CPU
		{5FCCA6AD-ABEE-4A04-A3CA-E9256F0C5F33}.Release|Any CPU.ActiveCfg = Release|Any CPU
		{5FCCA6AD-ABEE-4A04-A3CA-E9256F0C5F33}.Release|Any CPU.Build.0 = Release|Any CPU
	EndGlobalSection
	GlobalSection(SolutionProperties) = preSolution
		HideSolutionNode = FALSE
	EndGlobalSection
	GlobalSection(ExtensibilityGlobals) = postSolution
		SolutionGuid = {7B47BEB3-A91B-41FD-B813-40E30940C673}
	EndGlobalSection
EndGlobal
